
Microsoft Visual Studio Solution File, Format Version 12.00
# Visual Studio 15
Project("{FAE04EC0-301F-11D3-BF4B-00C04F79EFBC}") = "Mapimax.Core", "Mapimax.Core\Mapimax.Core.csproj", "{57808BDB-DBCB-4E4A-BEED-F6673C7A737C}"
EndProject
Project("{FAE04EC0-301F-11D3-BF4B-00C04F79EFBC}") = "Mapimax.iOS", "Mapimax.iOS\Mapimax.iOS.csproj", "{7F653CE8-3061-4BA0-A853-D266120A93D4}"
EndProject
Global
	GlobalSection(SolutionConfigurationPlatforms) = preSolution
		Debug|Any CPU = Debug|Any CPU
		Release|Any CPU = Release|Any CPU
		Debug|iPhoneSimulator = Debug|iPhoneSimulator
		Release|iPhone = Release|iPhone
		Release|iPhoneSimulator = Release|iPhoneSimulator
		Debug|iPhone = Debug|iPhone
	EndGlobalSection
	GlobalSection(ProjectConfigurationPlatforms) = postSolution
		{57808BDB-DBCB-4E4A-BEED-F6673C7A737C}.Debug|Any CPU.ActiveCfg = Debug|Any CPU
		{57808BDB-DBCB-4E4A-BEED-F6673C7A737C}.Debug|Any CPU.Build.0 = Debug|Any CPU
		{57808BDB-DBCB-4E4A-BEED-F6673C7A737C}.Release|Any CPU.ActiveCfg = Release|Any CPU
		{57808BDB-DBCB-4E4A-BEED-F6673C7A737C}.Release|Any CPU.Build.0 = Release|Any CPU
		{57808BDB-DBCB-4E4A-BEED-F6673C7A737C}.Debug|iPhoneSimulator.ActiveCfg = Debug|Any CPU
		{57808BDB-DBCB-4E4A-BEED-F6673C7A737C}.Debug|iPhoneSimulator.Build.0 = Debug|Any CPU
		{57808BDB-DBCB-4E4A-BEED-F6673C7A737C}.Release|iPhone.ActiveCfg = Release|Any CPU
		{57808BDB-DBCB-4E4A-BEED-F6673C7A737C}.Release|iPhone.Build.0 = Release|Any CPU
		{57808BDB-DBCB-4E4A-BEED-F6673C7A737C}.Release|iPhoneSimulator.ActiveCfg = Release|Any CPU
		{57808BDB-DBCB-4E4A-BEED-F6673C7A737C}.Release|iPhoneSimulator.Build.0 = Release|Any CPU
		{57808BDB-DBCB-4E4A-BEED-F6673C7A737C}.Debug|iPhone.ActiveCfg = Debug|Any CPU
		{57808BDB-DBCB-4E4A-BEED-F6673C7A737C}.Debug|iPhone.Build.0 = Debug|Any CPU
		{7F653CE8-3061-4BA0-A853-D266120A93D4}.Debug|Any CPU.ActiveCfg = Debug|iPhoneSimulator
		{7F653CE8-3061-4BA0-A853-D266120A93D4}.Debug|Any CPU.Build.0 = Debug|iPhoneSimulator
		{7F653CE8-3061-4BA0-A853-D266120A93D4}.Release|Any CPU.ActiveCfg = Release|iPhone
		{7F653CE8-3061-4BA0-A853-D266120A93D4}.Release|Any CPU.Build.0 = Release|iPhone
		{7F653CE8-3061-4BA0-A853-D266120A93D4}.Debug|iPhoneSimulator.ActiveCfg = Debug|iPhoneSimulator
		{7F653CE8-3061-4BA0-A853-D266120A93D4}.Debug|iPhoneSimulator.Build.0 = Debug|iPhoneSimulator
		{7F653CE8-3061-4BA0-A853-D266120A93D4}.Release|iPhone.ActiveCfg = Release|iPhone
		{7F653CE8-3061-4BA0-A853-D266120A93D4}.Release|iPhone.Build.0 = Release|iPhone
		{7F653CE8-3061-4BA0-A853-D266120A93D4}.Release|iPhoneSimulator.ActiveCfg = Release|iPhoneSimulator
		{7F653CE8-3061-4BA0-A853-D266120A93D4}.Release|iPhoneSimulator.Build.0 = Release|iPhoneSimulator
		{7F653CE8-3061-4BA0-A853-D266120A93D4}.Debug|iPhone.ActiveCfg = Debug|iPhone
		{7F653CE8-3061-4BA0-A853-D266120A93D4}.Debug|iPhone.Build.0 = Debug|iPhone
	EndGlobalSection
EndGlobal
